{
  "name": "GoPro Remote",
  "version": "1.2.0",
  "lockfileVersion": 1,
  "requires": true,
  "dependencies": {
    "pebblejs": {
      "version": "1.0.0",
      "resolved": "https://registry.npmjs.org/pebblejs/-/pebblejs-1.0.0.tgz",
      "integrity": "sha1-3fMShv3aUzoVmgg7mtLLLqgZjow="
    }
  }
}
